// !$*UTF8*$!
{
	archiveVersion = 1;
	classes = {
	};
	objectVersion = 48;
	objects = {

/* Begin PBXBuildFile section */
		870972BA1FB24A24006B0373 /* AppDelegate.swift in Sources */ = {isa = PBXBuildFile; fileRef = 870972B91FB24A24006B0373 /* AppDelegate.swift */; };
		870972BC1FB24A24006B0373 /* ViewController.swift in Sources */ = {isa = PBXBuildFile; fileRef = 870972BB1FB24A24006B0373 /* ViewController.swift */; };
		870972BF1FB24A24006B0373 /* Main.storyboard in Resources */ = {isa = PBXBuildFile; fileRef = 870972BD1FB24A24006B0373 /* Main.storyboard */; };
		870972C11FB24A24006B0373 /* Assets.xcassets in Resources */ = {isa = PBXBuildFile; fileRef = 870972C01FB24A24006B0373 /* Assets.xcassets */; };
		870972C41FB24A24006B0373 /* LaunchScreen.storyboard in Resources */ = {isa = PBXBuildFile; fileRef = 870972C21FB24A24006B0373 /* LaunchScreen.storyboard */; };
		870972CF1FB24A24006B0373 /* MadLibsTests.swift in Sources */ = {isa = PBXBuildFile; fileRef = 870972CE1FB24A24006B0373 /* MadLibsTests.swift */; };
		870972DA1FB24A24006B0373 /* MadLibsUITests.swift in Sources */ = {isa = PBXBuildFile; fileRef = 870972D91FB24A24006B0373 /* MadLibsUITests.swift */; };
/* End PBXBuildFile section */

/* Begin PBXContainerItemProxy section */
		870972CB1FB24A24006B0373 /* PBXContainerItemProxy */ = {
			isa = PBXContainerItemProxy;
			containerPortal = 870972AE1FB24A24006B0373 /* Project object */;
			proxyType = 1;
			remoteGlobalIDString = 870972B51FB24A24006B0373;
			remoteInfo = MadLibs;
		};
		870972D61FB24A24006B0373 /* PBXContainerItemProxy */ = {
			isa = PBXContainerItemProxy;
			containerPortal = 870972AE1FB24A24006B0373 /* Project object */;
			proxyType = 1;
			remoteGlobalIDString = 870972B51FB24A24006B0373;
			remoteInfo = MadLibs;
		};
/* End PBXContainerItemProxy section */

/* Begin PBXFileReference section */
		870972B61FB24A24006B0373 /* MadLibs.app */ = {isa = PBXFileReference; explicitFileType = wrapper.application; includeInIndex = 0; path = MadLibs.app; sourceTree = BUILT_PRODUCTS_DIR; };
		870972B91FB24A24006B0373 /* AppDelegate.swift */ = {isa = PBXFileReference; lastKnownFileType = sourcecode.swift; path = AppDelegate.swift; sourceTree = "<group>"; };
		870972BB1FB24A24006B0373 /* ViewController.swift */ = {isa = PBXFileReference; lastKnownFileType = sourcecode.swift; path = ViewController.swift; sourceTree = "<group>"; };
		870972BE1FB24A24006B0373 /* Base */ = {isa = PBXFileReference; lastKnownFileType = file.storyboard; name = Base; path = Base.lproj/Main.storyboard; sourceTree = "<group>"; };
		870972C01FB24A24006B0373 /* Assets.xcassets */ = {isa = PBXFileReference; lastKnownFileType = folder.assetcatalog; path = Assets.xcassets; sourceTree = "<group>"; };
		870972C31FB24A24006B0373 /* Base */ = {isa = PBXFileReference; lastKnownFileType = file.storyboard; name = Base; path = Base.lproj/LaunchScreen.storyboard; sourceTree = "<group>"; };
		870972C51FB24A24006B0373 /* Info.plist */ = {isa = PBXFileReference; lastKnownFileType = text.plist.xml; path = Info.plist; sourceTree = "<group>"; };
		870972CA1FB24A24006B0373 /* MadLibsTests.xctest */ = {isa = PBXFileReference; explicitFileType = wrapper.cfbundle; includeInIndex = 0; path = MadLibsTests.xctest; sourceTree = BUILT_PRODUCTS_DIR; };
		870972CE1FB24A24006B0373 /* MadLibsTests.swift */ = {isa = PBXFileReference; lastKnownFileType = sourcecode.swift; path = MadLibsTests.swift; sourceTree = "<group>"; };
		870972D01FB24A24006B0373 /* Info.plist */ = {isa = PBXFileReference; lastKnownFileType = text.plist.xml; path = Info.plist; sourceTree = "<group>"; };
		870972D51FB24A24006B0373 /* MadLibsUITests.xctest */ = {isa = PBXFileReference; explicitFileType = wrapper.cfbundle; includeInIndex = 0; path = MadLibsUITests.xctest; sourceTree = BUILT_PRODUCTS_DIR; };
		870972D91FB24A24006B0373 /* MadLibsUITests.swift */ = {isa = PBXFileReference; lastKnownFileType = sourcecode.swift; path = MadLibsUITests.swift; sourceTree = "<group>"; };
		870972DB1FB24A24006B0373 /* Info.plist */ = {isa = PBXFileReference; lastKnownFileType = text.plist.xml; path = Info.plist; sourceTree = "<group>"; };
/* End PBXFileReference section */

/* Begin PBXFrameworksBuildPhase section */
		870972B31FB24A24006B0373 /* Frameworks */ = {
			isa = PBXFrameworksBuildPhase;
			buildActionMask = 2147483647;
			files = (
			);
			runOnlyForDeploymentPostprocessing = 0;
		};
		870972C71FB24A24006B0373 /* Frameworks */ = {
			isa = PBXFrameworksBuildPhase;
			buildActionMask = 2147483647;
			files = (
			);
			runOnlyForDeploymentPostprocessing = 0;
		};
		870972D21FB24A24006B0373 /* Frameworks */ = {
			isa = PBXFrameworksBuildPhase;
			buildActionMask = 2147483647;
			files = (
			);
			runOnlyForDeploymentPostprocessing = 0;
		};
/* End PBXFrameworksBuildPhase section */

/* Begin PBXGroup section */
		870972AD1FB24A24006B0373 = {
			isa = PBXGroup;
			children = (
				870972B81FB24A24006B0373 /* MadLibs */,
				870972CD1FB24A24006B0373 /* MadLibsTests */,
				870972D81FB24A24006B0373 /* MadLibsUITests */,
				870972B71FB24A24006B0373 /* Products */,
			);
			sourceTree = "<group>";
		};
		870972B71FB24A24006B0373 /* Products */ = {
			isa = PBXGroup;
			children = (
				870972B61FB24A24006B0373 /* MadLibs.app */,
				870972CA1FB24A24006B0373 /* MadLibsTests.xctest */,
				870972D51FB24A24006B0373 /* MadLibsUITests.xctest */,
			);
			name = Products;
			sourceTree = "<group>";
		};
		870972B81FB24A24006B0373 /* MadLibs */ = {
			isa = PBXGroup;
			children = (
				870972B91FB24A24006B0373 /* AppDelegate.swift */,
				870972BB1FB24A24006B0373 /* ViewController.swift */,
				870972BD1FB24A24006B0373 /* Main.storyboard */,
				870972C01FB24A24006B0373 /* Assets.xcassets */,
				870972C21FB24A24006B0373 /* LaunchScreen.storyboard */,
				870972C51FB24A24006B0373 /* Info.plist */,
			);
			path = MadLibs;
			sourceTree = "<group>";
		};
		870972CD1FB24A24006B0373 /* MadLibsTests */ = {
			isa = PBXGroup;
			children = (
				870972CE1FB24A24006B0373 /* MadLibsTests.swift */,
				870972D01FB24A24006B0373 /* Info.plist */,
			);
			path = MadLibsTests;
			sourceTree = "<group>";
		};
		870972D81FB24A24006B0373 /* MadLibsUITests */ = {
			isa = PBXGroup;
			children = (
				870972D91FB24A24006B0373 /* MadLibsUITests.swift */,
				870972DB1FB24A24006B0373 /* Info.plist */,
			);
			path = MadLibsUITests;
			sourceTree = "<group>";
		};
/* End PBXGroup section */

/* Begin PBXNativeTarget section */
		870972B51FB24A24006B0373 /* MadLibs */ = {
			isa = PBXNativeTarget;
			buildConfigurationList = 870972DE1FB24A24006B0373 /* Build configuration list for PBXNativeTarget "MadLibs" */;
			buildPhases = (
				870972B21FB24A24006B0373 /* Sources */,
				870972B31FB24A24006B0373 /* Frameworks */,
				870972B41FB24A24006B0373 /* Resources */,
			);
			buildRules = (
			);
			dependencies = (
			);
			name = MadLibs;
			productName = MadLibs;
			productReference = 870972B61FB24A24006B0373 /* MadLibs.app */;
			productType = "com.apple.product-type.application";
		};
		870972C91FB24A24006B0373 /* MadLibsTests */ = {
			isa = PBXNativeTarget;
			buildConfigurationList = 870972E11FB24A24006B0373 /* Build configuration list for PBXNativeTarget "MadLibsTests" */;
			buildPhases = (
				870972C61FB24A24006B0373 /* Sources */,
				870972C71FB24A24006B0373 /* Frameworks */,
				870972C81FB24A24006B0373 /* Resources */,
			);
			buildRules = (
			);
			dependencies = (
				870972CC1FB24A24006B0373 /* PBXTargetDependency */,
			);
			name = MadLibsTests;
			productName = MadLibsTests;
			productReference = 870972CA1FB24A24006B0373 /* MadLibsTests.xctest */;
			productType = "com.apple.product-type.bundle.unit-test";
		};
		870972D41FB24A24006B0373 /* MadLibsUITests */ = {
			isa = PBXNativeTarget;
			buildConfigurationList = 870972E41FB24A24006B0373 /* Build configuration list for PBXNativeTarget "MadLibsUITests" */;
			buildPhases = (
				870972D11FB24A24006B0373 /* Sources */,
				870972D21FB24A24006B0373 /* Frameworks */,
				870972D31FB24A24006B0373 /* Resources */,
			);
			buildRules = (
			);
			dependencies = (
				870972D71FB24A24006B0373 /* PBXTargetDependency */,
			);
			name = MadLibsUITests;
			productName = MadLibsUITests;
			productReference = 870972D51FB24A24006B0373 /* MadLibsUITests.xctest */;
			productType = "com.apple.product-type.bundle.ui-testing";
		};
/* End PBXNativeTarget section */

/* Begin PBXProject section */
		870972AE1FB24A24006B0373 /* Project object */ = {
			isa = PBXProject;
			attributes = {
				LastSwiftUpdateCheck = 0910;
				LastUpgradeCheck = 0910;
				ORGANIZATIONNAME = "Patrick Hayes";
				TargetAttributes = {
					870972B51FB24A24006B0373 = {
						CreatedOnToolsVersion = 9.1;
						ProvisioningStyle = Automatic;
					};
					870972C91FB24A24006B0373 = {
						CreatedOnToolsVersion = 9.1;
						ProvisioningStyle = Automatic;
						TestTargetID = 870972B51FB24A24006B0373;
					};
					870972D41FB24A24006B0373 = {
						CreatedOnToolsVersion = 9.1;
						ProvisioningStyle = Automatic;
						TestTargetID = 870972B51FB24A24006B0373;
					};
				};
			};
			buildConfigurationList = 870972B11FB24A24006B0373 /* Build configuration list for PBXProject "MadLibs" */;
			compatibilityVersion = "Xcode 8.0";
			developmentRegion = en;
			hasScannedForEncodings = 0;
			knownRegions = (
				en,
				Base,
			);
			mainGroup = 870972AD1FB24A24006B0373;
			productRefGroup = 870972B71FB24A24006B0373 /* Products */;
			projectDirPath = "";
			projectRoot = "";
			targets = (
				870972B51FB24A24006B0373 /* MadLibs */,
				870972C91FB24A24006B0373 /* MadLibsTests */,
				870972D41FB24A24006B0373 /* MadLibsUITests */,
			);
		};
/* End PBXProject section */

/* Begin PBXResourcesBuildPhase section */
		870972B41FB24A24006B0373 /* Resources */ = {
			isa = PBXResourcesBuildPhase;
			buildActionMask = 2147483647;
			files = (
				870972C41FB24A24006B0373 /* LaunchScreen.storyboard in Resources */,
				870972C11FB24A24006B0373 /* Assets.xcassets in Resources */,
				870972BF1FB24A24006B0373 /* Main.storyboard in Resources */,
			);
			runOnlyForDeploymentPostprocessing = 0;
		};
		870972C81FB24A24006B0373 /* Resources */ = {
			isa = PBXResourcesBuildPhase;
			buildActionMask = 2147483647;
			files = (
			);
			runOnlyForDeploymentPostprocessing = 0;
		};
		870972D31FB24A24006B0373 /* Resources */ = {
			isa = PBXResourcesBuildPhase;
			buildActionMask = 2147483647;
			files = (
			);
			runOnlyForDeploymentPostprocessing = 0;
		};
/* End PBXResourcesBuildPhase section */

/* Begin PBXSourcesBuildPhase section */
		870972B21FB24A24006B0373 /* Sources */ = {
			isa = PBXSourcesBuildPhase;
			buildActionMask = 2147483647;
			files = (
				870972BC1FB24A24006B0373 /* ViewController.swift in Sources */,
				870972BA1FB24A24006B0373 /* AppDelegate.swift in Sources */,
			);
			runOnlyForDeploymentPostprocessing = 0;
		};
		870972C61FB24A24006B0373 /* Sources */ = {
			isa = PBXSourcesBuildPhase;
			buildActionMask = 2147483647;
			files = (
				870972CF1FB24A24006B0373 /* MadLibsTests.swift in Sources */,
			);
			runOnlyForDeploymentPostprocessing = 0;
		};
		870972D11FB24A24006B0373 /* Sources */ = {
			isa = PBXSourcesBuildPhase;
			buildActionMask = 2147483647;
			files = (
				870972DA1FB24A24006B0373 /* MadLibsUITests.swift in Sources */,
			);
			runOnlyForDeploymentPostprocessing = 0;
		};
/* End PBXSourcesBuildPhase section */

/* Begin PBXTargetDependency section */
		870972CC1FB24A24006B0373 /* PBXTargetDependency */ = {
			isa = PBXTargetDependency;
			target = 870972B51FB24A24006B0373 /* MadLibs */;
			targetProxy = 870972CB1FB24A24006B0373 /* PBXContainerItemProxy */;
		};
		870972D71FB24A24006B0373 /* PBXTargetDependency */ = {
			isa = PBXTargetDependency;
			target = 870972B51FB24A24006B0373 /* MadLibs */;
			targetProxy = 870972D61FB24A24006B0373 /* PBXContainerItemProxy */;
		};
/* End PBXTargetDependency section */

/* Begin PBXVariantGroup section */
		870972BD1FB24A24006B0373 /* Main.storyboard */ = {
			isa = PBXVariantGroup;
			children = (
				870972BE1FB24A24006B0373 /* Base */,
			);
			name = Main.storyboard;
			sourceTree = "<group>";
		};
		870972C21FB24A24006B0373 /* LaunchScreen.storyboard */ = {
			isa = PBXVariantGroup;
			children = (
				870972C31FB24A24006B0373 /* Base */,
			);
			name = LaunchScreen.storyboard;
			sourceTree = "<group>";
		};
/* End PBXVariantGroup section */

/* Begin XCBuildConfiguration section */
		870972DC1FB24A24006B0373 /* Debug */ = {
			isa = XCBuildConfiguration;
			buildSettings = {
				ALWAYS_SEARCH_USER_PATHS = NO;
				CLANG_ANALYZER_NONNULL = YES;
				CLANG_ANALYZER_NUMBER_OBJECT_CONVERSION = YES_AGGRESSIVE;
				CLANG_CXX_LANGUAGE_STANDARD = "gnu++14";
				CLANG_CXX_LIBRARY = "libc++";
				CLANG_ENABLE_MODULES = YES;
				CLANG_ENABLE_OBJC_ARC = YES;
				CLANG_WARN_BLOCK_CAPTURE_AUTORELEASING = YES;
				CLANG_WARN_BOOL_CONVERSION = YES;
				CLANG_WARN_COMMA = YES;
				CLANG_WARN_CONSTANT_CONVERSION = YES;
				CLANG_WARN_DIRECT_OBJC_ISA_USAGE = YES_ERROR;
				CLANG_WARN_DOCUMENTATION_COMMENTS = YES;
				CLANG_WARN_EMPTY_BODY = YES;
				CLANG_WARN_ENUM_CONVERSION = YES;
				CLANG_WARN_INFINITE_RECURSION = YES;
				CLANG_WARN_INT_CONVERSION = YES;
				CLANG_WARN_NON_LITERAL_NULL_CONVERSION = YES;
				CLANG_WARN_OBJC_LITERAL_CONVERSION = YES;
				CLANG_WARN_OBJC_ROOT_CLASS = YES_ERROR;
				CLANG_WARN_RANGE_LOOP_ANALYSIS = YES;
				CLANG_WARN_STRICT_PROTOTYPES = YES;
				CLANG_WARN_SUSPICIOUS_MOVE = YES;
				CLANG_WARN_UNGUARDED_AVAILABILITY = YES_AGGRESSIVE;
				CLANG_WARN_UNREACHABLE_CODE = YES;
				CLANG_WARN__DUPLICATE_METHOD_MATCH = YES;
				CODE_SIGN_IDENTITY = "iPhone Developer";
				COPY_PHASE_STRIP = NO;
				DEBUG_INFORMATION_FORMAT = dwarf;
				ENABLE_STRICT_OBJC_MSGSEND = YES;
				ENABLE_TESTABILITY = YES;
				GCC_C_LANGUAGE_STANDARD = gnu11;
				GCC_DYNAMIC_NO_PIC = NO;
				GCC_NO_COMMON_BLOCKS = YES;
				GCC_OPTIMIZATION_LEVEL = 0;
				GCC_PREPROCESSOR_DEFINITIONS = (
					"DEBUG=1",
					"$(inherited)",
				);
				GCC_WARN_64_TO_32_BIT_CONVERSION = YES;
				GCC_WARN_ABOUT_RETURN_TYPE = YES_ERROR;
				GCC_WARN_UNDECLARED_SELECTOR = YES;
				GCC_WARN_UNINITIALIZED_AUTOS = YES_AGGRESSIVE;
				GCC_WARN_UNUSED_FUNCTION = YES;
				GCC_WARN_UNUSED_VARIABLE = YES;
				IPHONEOS_DEPLOYMENT_TARGET = 11.1;
				MTL_ENABLE_DEBUG_INFO = YES;
				ONLY_ACTIVE_ARCH = YES;
				SDKROOT = iphoneos;
				SWIFT_ACTIVE_COMPILATION_CONDITIONS = DEBUG;
				SWIFT_OPTIMIZATION_LEVEL = "-Onone";
			};
			name = Debug;
		};
		870972DD1FB24A24006B0373 /* Release */ = {
			isa = XCBuildConfiguration;
			buildSettings = {
				ALWAYS_SEARCH_USER_PATHS = NO;
				CLANG_ANALYZER_NONNULL = YES;
				CLANG_ANALYZER_NUMBER_OBJECT_CONVERSION = YES_AGGRESSIVE;
				CLANG_CXX_LANGUAGE_STANDARD = "gnu++14";
				CLANG_CXX_LIBRARY = "libc++";
				CLANG_ENABLE_MODULES = YES;
				CLANG_ENABLE_OBJC_ARC = YES;
				CLANG_WARN_BLOCK_CAPTURE_AUTORELEASING = YES;
				CLANG_WARN_BOOL_CONVERSION = YES;
				CLANG_WARN_COMMA = YES;
				CLANG_WARN_CONSTANT_CONVERSION = YES;
				CLANG_WARN_DIRECT_OBJC_ISA_USAGE = YES_ERROR;
				CLANG_WARN_DOCUMENTATION_COMMENTS = YES;
				CLANG_WARN_EMPTY_BODY = YES;
				CLANG_WARN_ENUM_CONVERSION = YES;
				CLANG_WARN_INFINITE_RECURSION = YES;
				CLANG_WARN_INT_CONVERSION = YES;
				CLANG_WARN_NON_LITERAL_NULL_CONVERSION = YES;
				CLANG_WARN_OBJC_LITERAL_CONVERSION = YES;
				CLANG_WARN_OBJC_ROOT_CLASS = YES_ERROR;
				CLANG_WARN_RANGE_LOOP_ANALYSIS = YES;
				CLANG_WARN_STRICT_PROTOTYPES = YES;
				CLANG_WARN_SUSPICIOUS_MOVE = YES;
				CLANG_WARN_UNGUARDED_AVAILABILITY = YES_AGGRESSIVE;
				CLANG_WARN_UNREACHABLE_CODE = YES;
				CLANG_WARN__DUPLICATE_METHOD_MATCH = YES;
				CODE_SIGN_IDENTITY = "iPhone Developer";
				COPY_PHASE_STRIP = NO;
				DEBUG_INFORMATION_FORMAT = "dwarf-with-dsym";
				ENABLE_NS_ASSERTIONS = NO;
				ENABLE_STRICT_OBJC_MSGSEND = YES;
				GCC_C_LANGUAGE_STANDARD = gnu11;
				GCC_NO_COMMON_BLOCKS = YES;
				GCC_WARN_64_TO_32_BIT_CONVERSION = YES;
				GCC_WARN_ABOUT_RETURN_TYPE = YES_ERROR;
				GCC_WARN_UNDECLARED_SELECTOR = YES;
				GCC_WARN_UNINITIALIZED_AUTOS = YES_AGGRESSIVE;
				GCC_WARN_UNUSED_FUNCTION = YES;
				GCC_WARN_UNUSED_VARIABLE = YES;
				IPHONEOS_DEPLOYMENT_TARGET = 11.1;
				MTL_ENABLE_DEBUG_INFO = NO;
				SDKROOT = iphoneos;
				SWIFT_OPTIMIZATION_LEVEL = "-Owholemodule";
				VALIDATE_PRODUCT = YES;
			};
			name = Release;
		};
		870972DF1FB24A24006B0373 /* Debug */ = {
			isa = XCBuildConfiguration;
			buildSettings = {
				ASSETCATALOG_COMPILER_APPICON_NAME = AppIcon;
				CODE_SIGN_STYLE = Automatic;
				INFOPLIST_FILE = MadLibs/Info.plist;
				LD_RUNPATH_SEARCH_PATHS = "$(inherited) @executable_path/Frameworks";
				PRODUCT_BUNDLE_IDENTIFIER = com.phayes.MadLibs;
				PRODUCT_NAME = "$(TARGET_NAME)";
				SWIFT_VERSION = 4.0;
				TARGETED_DEVICE_FAMILY = "1,2";
			};
			name = Debug;
		};
		870972E01FB24A24006B0373 /* Release */ = {
			isa = XCBuildConfiguration;
			buildSettings = {
				ASSETCATALOG_COMPILER_APPICON_NAME = AppIcon;
				CODE_SIGN_STYLE = Automatic;
				INFOPLIST_FILE = MadLibs/Info.plist;
				LD_RUNPATH_SEARCH_PATHS = "$(inherited) @executable_path/Frameworks";
				PRODUCT_BUNDLE_IDENTIFIER = com.phayes.MadLibs;
				PRODUCT_NAME = "$(TARGET_NAME)";
				SWIFT_VERSION = 4.0;
				TARGETED_DEVICE_FAMILY = "1,2";
			};
			name = Release;
		};
		870972E21FB24A24006B0373 /* Debug */ = {
			isa = XCBuildConfiguration;
			buildSettings = {
				ALWAYS_EMBED_SWIFT_STANDARD_LIBRARIES = YES;
				BUNDLE_LOADER = "$(TEST_HOST)";
				CODE_SIGN_STYLE = Automatic;
				INFOPLIST_FILE = MadLibsTests/Info.plist;
				LD_RUNPATH_SEARCH_PATHS = "$(inherited) @executable_path/Frameworks @loader_path/Frameworks";
				PRODUCT_BUNDLE_IDENTIFIER = com.phayes.MadLibsTests;
				PRODUCT_NAME = "$(TARGET_NAME)";
				SWIFT_VERSION = 4.0;
				TARGETED_DEVICE_FAMILY = "1,2";
				TEST_HOST = "$(BUILT_PRODUCTS_DIR)/MadLibs.app/MadLibs";
			};
			name = Debug;
		};
		870972E31FB24A24006B0373 /* Release */ = {
			isa = XCBuildConfiguration;
			buildSettings = {
				ALWAYS_EMBED_SWIFT_STANDARD_LIBRARIES = YES;
				BUNDLE_LOADER = "$(TEST_HOST)";
				CODE_SIGN_STYLE = Automatic;
				INFOPLIST_FILE = MadLibsTests/Info.plist;
				LD_RUNPATH_SEARCH_PATHS = "$(inherited) @executable_path/Frameworks @loader_path/Frameworks";
				PRODUCT_BUNDLE_IDENTIFIER = com.phayes.MadLibsTests;
				PRODUCT_NAME = "$(TARGET_NAME)";
				SWIFT_VERSION = 4.0;
				TARGETED_DEVICE_FAMILY = "1,2";
				TEST_HOST = "$(BUILT_PRODUCTS_DIR)/MadLibs.app/MadLibs";
			};
			name = Release;
		};
		870972E51FB24A24006B0373 /* Debug */ = {
			isa = XCBuildConfiguration;
			buildSettings = {
				ALWAYS_EMBED_SWIFT_STANDARD_LIBRARIES = YES;
				CODE_SIGN_STYLE = Automatic;
				INFOPLIST_FILE = MadLibsUITests/Info.plist;
				LD_RUNPATH_SEARCH_PATHS = "$(inherited) @executable_path/Frameworks @loader_path/Frameworks";
				PRODUCT_BUNDLE_IDENTIFIER = com.phayes.MadLibsUITests;
				PRODUCT_NAME = "$(TARGET_NAME)";
				SWIFT_VERSION = 4.0;
				TARGETED_DEVICE_FAMILY = "1,2";
				TEST_TARGET_NAME = MadLibs;
			};
			name = Debug;
		};
		870972E61FB24A24006B0373 /* Release */ = {
			isa = XCBuildConfiguration;
			buildSettings = {
				ALWAYS_EMBED_SWIFT_STANDARD_LIBRARIES = YES;
				CODE_SIGN_STYLE = Automatic;
				INFOPLIST_FILE = MadLibsUITests/Info.plist;
				LD_RUNPATH_SEARCH_PATHS = "$(inherited) @executable_path/Frameworks @loader_path/Frameworks";
				PRODUCT_BUNDLE_IDENTIFIER = com.phayes.MadLibsUITests;
				PRODUCT_NAME = "$(TARGET_NAME)";
				SWIFT_VERSION = 4.0;
				TARGETED_DEVICE_FAMILY = "1,2";
				TEST_TARGET_NAME = MadLibs;
			};
			name = Release;
		};
/* End XCBuildConfiguration section */

/* Begin XCConfigurationList section */
		870972B11FB24A24006B0373 /* Build configuration list for PBXProject "MadLibs" */ = {
			isa = XCConfigurationList;
			buildConfigurations = (
				870972DC1FB24A24006B0373 /* Debug */,
				870972DD1FB24A24006B0373 /* Release */,
			);
			defaultConfigurationIsVisible = 0;
			defaultConfigurationName = Release;
		};
		870972DE1FB24A24006B0373 /* Build configuration list for PBXNativeTarget "MadLibs" */ = {
			isa = XCConfigurationList;
			buildConfigurations = (
				870972DF1FB24A24006B0373 /* Debug */,
				870972E01FB24A24006B0373 /* Release */,
			);
			defaultConfigurationIsVisible = 0;
			defaultConfigurationName = Release;
		};
		870972E11FB24A24006B0373 /* Build configuration list for PBXNativeTarget "MadLibsTests" */ = {
			isa = XCConfigurationList;
			buildConfigurations = (
				870972E21FB24A24006B0373 /* Debug */,
				870972E31FB24A24006B0373 /* Release */,
			);
			defaultConfigurationIsVisible = 0;
			defaultConfigurationName = Release;
		};
		870972E41FB24A24006B0373 /* Build configuration list for PBXNativeTarget "MadLibsUITests" */ = {
			isa = XCConfigurationList;
			buildConfigurations = (
				870972E51FB24A24006B0373 /* Debug */,
				870972E61FB24A24006B0373 /* Release */,
			);
			defaultConfigurationIsVisible = 0;
			defaultConfigurationName = Release;
		};
/* End XCConfigurationList section */
	};
	rootObject = 870972AE1FB24A24006B0373 /* Project object */;
}
